
Microsoft Visual Studio Solution File, Format Version 12.00
# Visual Studio Version 16
VisualStudioVersion = 16.0.30320.27
MinimumVisualStudioVersion = 10.0.40219.1
Project("{2150E333-8FDC-42A3-9474-1A3956D46DE8}") = "1. Principles", "1. Principles", "{AAB03F68-1391-4829-BAF7-F5986FE773FF}"
EndProject
Project("{9A19103F-16F7-4668-BE54-9A1E7A4F7556}") = "DesignPrinciple.Sample1", "Principles\DesignPrinciple.Sample1\DesignPrinciple.Sample1.csproj", "{F40D67DE-64BC-403C-83CB-39EEA1D1EAE9}"
EndProject
Project("{9A19103F-16F7-4668-BE54-9A1E7A4F7556}") = "DesignPrinciple.Sample2", "Principles\DesignPrinciple.Sample2\DesignPrinciple.Sample2.csproj", "{4F83CF2B-38C2-4AAC-9269-AA64BB52DC62}"
EndProject
Project("{9A19103F-16F7-4668-BE54-9A1E7A4F7556}") = "DesignPrinciple.Sample3", "Principles\DesignPrinciple.Sample3\DesignPrinciple.Sample3.csproj", "{F9418BC6-4017-4D4B-A19E-8CBF00CAB5E9}"
EndProject
Project("{9A19103F-16F7-4668-BE54-9A1E7A4F7556}") = "DesignPrinciple.Sample4", "Principles\DesignPrinciple.Sample4\DesignPrinciple.Sample4.csproj", "{5E7359F8-D376-460C-8591-B07523FE2671}"
EndProject
Project("{9A19103F-16F7-4668-BE54-9A1E7A4F7556}") = "DesignPrinciple.Sample5", "Principles\DesignPrinciple.Sample5\DesignPrinciple.Sample5.csproj", "{D7AF29C9-CB96-46C8-92DA-05C98F747E02}"
EndProject
Project("{2150E333-8FDC-42A3-9474-1A3956D46DE8}") = "2. Patterns", "2. Patterns", "{45BA2799-4588-4F14-82A5-BE23FAB2F035}"
EndProject
Project("{9A19103F-16F7-4668-BE54-9A1E7A4F7556}") = "DesignPattern.SimpleFactory", "Patterns\1. SimpleFactory\DesignPattern.SimpleFactory\DesignPattern.SimpleFactory.csproj", "{C4AC1D1F-F1C0-421F-91C4-16554AF7533E}"
EndProject
Project("{2150E333-8FDC-42A3-9474-1A3956D46DE8}") = "1. SimpleFactory", "1. SimpleFactory", "{DC1D3AF7-3688-4ADE-AA0D-A4CA63EB583E}"
EndProject
Project("{2150E333-8FDC-42A3-9474-1A3956D46DE8}") = "2. FactoryMethod", "2. FactoryMethod", "{BB57E397-771B-46B4-AA51-08241231C359}"
EndProject
Project("{9A19103F-16F7-4668-BE54-9A1E7A4F7556}") = "DesignPattern.FactoryMethod", "Patterns\2. FactoryMethod\DesignPattern.FactoryMethod\DesignPattern.FactoryMethod.csproj", "{035F8506-A710-4FD2-854E-F6DEF9BEE028}"
EndProject
Project("{2150E333-8FDC-42A3-9474-1A3956D46DE8}") = "3. AbstactFactory", "3. AbstactFactory", "{4EC7D73F-5135-43B0-BC15-6EDB72909988}"
EndProject
Project("{9A19103F-16F7-4668-BE54-9A1E7A4F7556}") = "DesignPattern.AbstactFactory", "Patterns\3. AbstactFactory\DesignPattern.AbstactFactory\DesignPattern.AbstactFactory.csproj", "{49A7227D-265C-4BF6-A44C-D7F3EB206D84}"
EndProject
Project("{2150E333-8FDC-42A3-9474-1A3956D46DE8}") = "4. Singleton", "4. Singleton", "{5428A057-2112-4EBA-9916-05C743B43FBB}"
EndProject
Project("{9A19103F-16F7-4668-BE54-9A1E7A4F7556}") = "DesignPattern.Singleton", "Patterns\4. Singleton\DesignPattern.Singleton\DesignPattern.Singleton.csproj", "{857953BF-3E06-4D1F-86E9-995DE5C571A3}"
EndProject
Project("{9A19103F-16F7-4668-BE54-9A1E7A4F7556}") = "DesignPattern.Singleton2", "Patterns\4. Singleton\DesignPattern.Singleton2\DesignPattern.Singleton2.csproj", "{9D3539FF-2C2C-40C1-BAA7-2672F14BA856}"
EndProject
Project("{9A19103F-16F7-4668-BE54-9A1E7A4F7556}") = "DesignPattern.Singleton3", "Patterns\4. Singleton\DesignPattern.Singleton3\DesignPattern.Singleton3.csproj", "{D55B65BE-A33E-4CF1-81A4-52A1C9AB3EF6}"
EndProject
Project("{2150E333-8FDC-42A3-9474-1A3956D46DE8}") = "5. Builder", "5. Builder", "{75C19F55-6CCE-402F-9247-B0B6ACE31AED}"
EndProject
Project("{9A19103F-16F7-4668-BE54-9A1E7A4F7556}") = "DesignPattern.Builder", "Patterns\5. Builder\DesignPattern.Builder\DesignPattern.Builder.csproj", "{E21608EE-278E-41CD-9C62-809C6FC74B10}"
EndProject
Project("{9A19103F-16F7-4668-BE54-9A1E7A4F7556}") = "DesignPattern.Builder2", "Patterns\5. Builder\DesignPattern.Builder2\DesignPattern.Builder2.csproj", "{FA29ACE5-17B4-466E-9ABB-D23DA4DC3E20}"
EndProject
Project("{9A19103F-16F7-4668-BE54-9A1E7A4F7556}") = "DesignPattern.Builder3", "Patterns\5. Builder\DesignPattern.Builder3\DesignPattern.Builder3.csproj", "{64C1CD34-61B8-406C-A198-2AB37213CB07}"
EndProject
Project("{9A19103F-16F7-4668-BE54-9A1E7A4F7556}") = "DesignPattern.Builder4", "Patterns\5. Builder\DesignPattern.Builder4\DesignPattern.Builder4.csproj", "{8BDA4CF0-D218-4C98-A954-335F72FA8527}"
EndProject
Project("{9A19103F-16F7-4668-BE54-9A1E7A4F7556}") = "DesignPattern.Builder5", "Patterns\5. Builder\DesignPattern.Builder5\DesignPattern.Builder5.csproj", "{C846C17E-0B97-4D35-A762-228F9B4E5649}"
EndProject
Project("{2150E333-8FDC-42A3-9474-1A3956D46DE8}") = "6. Prototype", "6. Prototype", "{20A9D4FB-33AA-4166-BA51-66EA6451DEF9}"
EndProject
Project("{9A19103F-16F7-4668-BE54-9A1E7A4F7556}") = "DesignPattern.Prototype", "Patterns\6. Prototype\DesignPattern.Prototype\DesignPattern.Prototype.csproj", "{8679479E-8C84-4EBC-9C90-C32F62F140CB}"
EndProject
Project("{9A19103F-16F7-4668-BE54-9A1E7A4F7556}") = "DesignPattern.Prototype2", "Patterns\6. Prototype\DesignPattern.Prototype2\DesignPattern.Prototype2.csproj", "{D1366389-49D4-46CE-94C4-B7E62557BD39}"
EndProject
Project("{9A19103F-16F7-4668-BE54-9A1E7A4F7556}") = "DesignPattern.Prototype3", "Patterns\6. Prototype\DesignPattern.Prototype3\DesignPattern.Prototype3.csproj", "{278AB44D-3C73-421E-81C9-2682355F93FC}"
EndProject
Project("{9A19103F-16F7-4668-BE54-9A1E7A4F7556}") = "DesignPattern.Prototype4", "Patterns\6. Prototype\DesignPattern.Prototype4\DesignPattern.Prototype4.csproj", "{15608D7D-2A2E-4F3D-9B97-1C6C027D0A0D}"
EndProject
Project("{9A19103F-16F7-4668-BE54-9A1E7A4F7556}") = "DesignPattern.Prototype5", "Patterns\6. Prototype\DesignPattern.Prototype5\DesignPattern.Prototype5.csproj", "{4AF8FCC6-E325-499B-A240-F9C61E48D473}"
EndProject
Project("{2150E333-8FDC-42A3-9474-1A3956D46DE8}") = "7. Adapter", "7. Adapter", "{B4C62935-AD88-4E1C-B725-F63DAD46364D}"
EndProject
Project("{9A19103F-16F7-4668-BE54-9A1E7A4F7556}") = "DesignPattern.Adapter", "Patterns\7. Adapter\DesignPattern.Adapter\DesignPattern.Adapter.csproj", "{ECAEB299-8BD8-4733-968B-251448F3C39F}"
EndProject
Project("{2150E333-8FDC-42A3-9474-1A3956D46DE8}") = "8. Proxy", "8. Proxy", "{9C1756DF-DD3D-4D0C-879A-3DA0C2457023}"
EndProject
Project("{9A19103F-16F7-4668-BE54-9A1E7A4F7556}") = "DesignPattern.Delegate", "Patterns\8. Proxy\DesignPattern.Delegate\DesignPattern.Delegate.csproj", "{E0254F4F-2070-4BA5-AD47-324ACFF1A64C}"
EndProject
Project("{9A19103F-16F7-4668-BE54-9A1E7A4F7556}") = "DesignPattern.ProxyServer", "Patterns\8. Proxy\DesignPattern.ProxyServer\DesignPattern.ProxyServer.csproj", "{2C219B97-A791-4A35-B733-52E39DBFB47A}"
EndProject
Project("{9A19103F-16F7-4668-BE54-9A1E7A4F7556}") = "DesignPattern.ProxyClient", "Patterns\8. Proxy\DesignPattern.ProxyClient\DesignPattern.ProxyClient.csproj", "{8C114190-55B7-40A9-9CC5-8CCFCB2C0539}"
EndProject
Project("{2150E333-8FDC-42A3-9474-1A3956D46DE8}") = "9. Facade", "9. Facade", "{F4B19625-1B53-49EB-97BA-D29558DBF138}"
EndProject
Project("{9A19103F-16F7-4668-BE54-9A1E7A4F7556}") = "DesignPattern.Facade", "Patterns\9. Facade\DesignPattern.Facade\DesignPattern.Facade.csproj", "{F20A1F53-5C3C-4BD5-9E0A-887A9F4680B7}"
EndProject
Project("{9A19103F-16F7-4668-BE54-9A1E7A4F7556}") = "DesignPattern.Facade2", "Patterns\9. Facade\DesignPattern.Facade2\DesignPattern.Facade2.csproj", "{2E70AAB6-9D83-4FD9-A067-411DCABCA064}"
EndProject
Project("{2150E333-8FDC-42A3-9474-1A3956D46DE8}") = "10. Decorator", "10. Decorator", "{E8A6D9EC-DE70-477E-A689-6B9EF07EFBB2}"
EndProject
Project("{9A19103F-16F7-4668-BE54-9A1E7A4F7556}") = "DesignPattern.Decorator", "Patterns\10. Decorator\DesignPattern.Decorator\DesignPattern.Decorator.csproj", "{73FFEB65-4A25-4686-B77D-99F0D0C0ECB5}"
EndProject
Project("{9A19103F-16F7-4668-BE54-9A1E7A4F7556}") = "DesignPattern.Decorator2", "Patterns\10. Decorator\DesignPattern.Decorator2\DesignPattern.Decorator2.csproj", "{DA8D6011-F5CE-442E-8ED2-F7FFB2C383B9}"
EndProject
Project("{9A19103F-16F7-4668-BE54-9A1E7A4F7556}") = "DesignPattern.Decorator3", "Patterns\10. Decorator\DesignPattern.Decorator3\DesignPattern.Decorator3.csproj", "{A3E1BB43-4943-4A97-8BDE-DC3C1F24AEDE}"
EndProject
Project("{9A19103F-16F7-4668-BE54-9A1E7A4F7556}") = "DesignPattern.Decorator4", "Patterns\10. Decorator\DesignPattern.Decorator4\DesignPattern.Decorator4.csproj", "{FC36543F-AB02-4A1F-AD7A-33244B1AE565}"
EndProject
Project("{9A19103F-16F7-4668-BE54-9A1E7A4F7556}") = "DesignPattern.Decorator5", "Patterns\10. Decorator\DesignPattern.Decorator5\DesignPattern.Decorator5.csproj", "{65218550-C28C-42D7-8EA6-6B97D1751BCD}"
EndProject
Project("{2150E333-8FDC-42A3-9474-1A3956D46DE8}") = "11. Bridge", "11. Bridge", "{367569E2-CDCA-4FE4-B614-9F42B55B5587}"
EndProject
Project("{9A19103F-16F7-4668-BE54-9A1E7A4F7556}") = "DesignPattern.Bridge", "Patterns\11. Bridge\DesignPattern.Bridge\DesignPattern.Bridge.csproj", "{FB9F1CEA-8CF7-4E97-8FDD-9D0BEAA1D523}"
EndProject
Project("{9A19103F-16F7-4668-BE54-9A1E7A4F7556}") = "DesignPattern.Bridge2", "Patterns\11. Bridge\DesignPattern.Bridge2\DesignPattern.Bridge2.csproj", "{496CE412-5BBC-4504-ACB4-F60EEE604F73}"
EndProject
Project("{2150E333-8FDC-42A3-9474-1A3956D46DE8}") = "12. Composite", "12. Composite", "{EF690D38-A057-48A6-8EED-2E4BCE9670E7}"
EndProject
Project("{9A19103F-16F7-4668-BE54-9A1E7A4F7556}") = "DesignPattern.Composite", "Patterns\12. Composite\DesignPattern.Composite\DesignPattern.Composite.csproj", "{BA1F9106-2C6C-45F1-85D8-EF59E0CCB6D1}"
EndProject
Project("{9A19103F-16F7-4668-BE54-9A1E7A4F7556}") = "DesignPattern.Composite2", "Patterns\12. Composite\DesignPattern.Composite2\DesignPattern.Composite2.csproj", "{C871E013-9B73-4737-882E-F43CDE478866}"
EndProject
Global
	GlobalSection(SolutionConfigurationPlatforms) = preSolution
		Debug|Any CPU = Debug|Any CPU
		Release|Any CPU = Release|Any CPU
	EndGlobalSection
	GlobalSection(ProjectConfigurationPlatforms) = postSolution
		{F40D67DE-64BC-403C-83CB-39EEA1D1EAE9}.Debug|Any CPU.ActiveCfg = Debug|Any CPU
		{F40D67DE-64BC-403C-83CB-39EEA1D1EAE9}.Debug|Any CPU.Build.0 = Debug|Any CPU
		{F40D67DE-64BC-403C-83CB-39EEA1D1EAE9}.Release|Any CPU.ActiveCfg = Release|Any CPU
		{F40D67DE-64BC-403C-83CB-39EEA1D1EAE9}.Release|Any CPU.Build.0 = Release|Any CPU
		{4F83CF2B-38C2-4AAC-9269-AA64BB52DC62}.Debug|Any CPU.ActiveCfg = Debug|Any CPU
		{4F83CF2B-38C2-4AAC-9269-AA64BB52DC62}.Debug|Any CPU.Build.0 = Debug|Any CPU
		{4F83CF2B-38C2-4AAC-9269-AA64BB52DC62}.Release|Any CPU.ActiveCfg = Release|Any CPU
		{4F83CF2B-38C2-4AAC-9269-AA64BB52DC62}.Release|Any CPU.Build.0 = Release|Any CPU
		{F9418BC6-4017-4D4B-A19E-8CBF00CAB5E9}.Debug|Any CPU.ActiveCfg = Debug|Any CPU
		{F9418BC6-4017-4D4B-A19E-8CBF00CAB5E9}.Debug|Any CPU.Build.0 = Debug|Any CPU
		{F9418BC6-4017-4D4B-A19E-8CBF00CAB5E9}.Release|Any CPU.ActiveCfg = Release|Any CPU
		{F9418BC6-4017-4D4B-A19E-8CBF00CAB5E9}.Release|Any CPU.Build.0 = Release|Any CPU
		{5E7359F8-D376-460C-8591-B07523FE2671}.Debug|Any CPU.ActiveCfg = Debug|Any CPU
		{5E7359F8-D376-460C-8591-B07523FE2671}.Debug|Any CPU.Build.0 = Debug|Any CPU
		{5E7359F8-D376-460C-8591-B07523FE2671}.Release|Any CPU.ActiveCfg = Release|Any CPU
		{5E7359F8-D376-460C-8591-B07523FE2671}.Release|Any CPU.Build.0 = Release|Any CPU
		{D7AF29C9-CB96-46C8-92DA-05C98F747E02}.Debug|Any CPU.ActiveCfg = Debug|Any CPU
		{D7AF29C9-CB96-46C8-92DA-05C98F747E02}.Debug|Any CPU.Build.0 = Debug|Any CPU
		{D7AF29C9-CB96-46C8-92DA-05C98F747E02}.Release|Any CPU.ActiveCfg = Release|Any CPU
		{D7AF29C9-CB96-46C8-92DA-05C98F747E02}.Release|Any CPU.Build.0 = Release|Any CPU
		{C4AC1D1F-F1C0-421F-91C4-16554AF7533E}.Debug|Any CPU.ActiveCfg = Debug|Any CPU
		{C4AC1D1F-F1C0-421F-91C4-16554AF7533E}.Debug|Any CPU.Build.0 = Debug|Any CPU
		{C4AC1D1F-F1C0-421F-91C4-16554AF7533E}.Release|Any CPU.ActiveCfg = Release|Any CPU
		{C4AC1D1F-F1C0-421F-91C4-16554AF7533E}.Release|Any CPU.Build.0 = Release|Any CPU
		{035F8506-A710-4FD2-854E-F6DEF9BEE028}.Debug|Any CPU.ActiveCfg = Debug|Any CPU
		{035F8506-A710-4FD2-854E-F6DEF9BEE028}.Debug|Any CPU.Build.0 = Debug|Any CPU
		{035F8506-A710-4FD2-854E-F6DEF9BEE028}.Release|Any CPU.ActiveCfg = Release|Any CPU
		{035F8506-A710-4FD2-854E-F6DEF9BEE028}.Release|Any CPU.Build.0 = Release|Any CPU
		{49A7227D-265C-4BF6-A44C-D7F3EB206D84}.Debug|Any CPU.ActiveCfg = Debug|Any CPU
		{49A7227D-265C-4BF6-A44C-D7F3EB206D84}.Debug|Any CPU.Build.0 = Debug|Any CPU
		{49A7227D-265C-4BF6-A44C-D7F3EB206D84}.Release|Any CPU.ActiveCfg = Release|Any CPU
		{49A7227D-265C-4BF6-A44C-D7F3EB206D84}.Release|Any CPU.Build.0 = Release|Any CPU
		{857953BF-3E06-4D1F-86E9-995DE5C571A3}.Debug|Any CPU.ActiveCfg = Debug|Any CPU
		{857953BF-3E06-4D1F-86E9-995DE5C571A3}.Debug|Any CPU.Build.0 = Debug|Any CPU
		{857953BF-3E06-4D1F-86E9-995DE5C571A3}.Release|Any CPU.ActiveCfg = Release|Any CPU
		{857953BF-3E06-4D1F-86E9-995DE5C571A3}.Release|Any CPU.Build.0 = Release|Any CPU
		{9D3539FF-2C2C-40C1-BAA7-2672F14BA856}.Debug|Any CPU.ActiveCfg = Debug|Any CPU
		{9D3539FF-2C2C-40C1-BAA7-2672F14BA856}.Debug|Any CPU.Build.0 = Debug|Any CPU
		{9D3539FF-2C2C-40C1-BAA7-2672F14BA856}.Release|Any CPU.ActiveCfg = Release|Any CPU
		{9D3539FF-2C2C-40C1-BAA7-2672F14BA856}.Release|Any CPU.Build.0 = Release|Any CPU
		{D55B65BE-A33E-4CF1-81A4-52A1C9AB3EF6}.Debug|Any CPU.ActiveCfg = Debug|Any CPU
		{D55B65BE-A33E-4CF1-81A4-52A1C9AB3EF6}.Debug|Any CPU.Build.0 = Debug|Any CPU
		{D55B65BE-A33E-4CF1-81A4-52A1C9AB3EF6}.Release|Any CPU.ActiveCfg = Release|Any CPU
		{D55B65BE-A33E-4CF1-81A4-52A1C9AB3EF6}.Release|Any CPU.Build.0 = Release|Any CPU
		{E21608EE-278E-41CD-9C62-809C6FC74B10}.Debug|Any CPU.ActiveCfg = Debug|Any CPU
		{E21608EE-278E-41CD-9C62-809C6FC74B10}.Debug|Any CPU.Build.0 = Debug|Any CPU
		{E21608EE-278E-41CD-9C62-809C6FC74B10}.Release|Any CPU.ActiveCfg = Release|Any CPU
		{E21608EE-278E-41CD-9C62-809C6FC74B10}.Release|Any CPU.Build.0 = Release|Any CPU
		{FA29ACE5-17B4-466E-9ABB-D23DA4DC3E20}.Debug|Any CPU.ActiveCfg = Debug|Any CPU
		{FA29ACE5-17B4-466E-9ABB-D23DA4DC3E20}.Debug|Any CPU.Build.0 = Debug|Any CPU
		{FA29ACE5-17B4-466E-9ABB-D23DA4DC3E20}.Release|Any CPU.ActiveCfg = Release|Any CPU
		{FA29ACE5-17B4-466E-9ABB-D23DA4DC3E20}.Release|Any CPU.Build.0 = Release|Any CPU
		{64C1CD34-61B8-406C-A198-2AB37213CB07}.Debug|Any CPU.ActiveCfg = Debug|Any CPU
		{64C1CD34-61B8-406C-A198-2AB37213CB07}.Debug|Any CPU.Build.0 = Debug|Any CPU
		{64C1CD34-61B8-406C-A198-2AB37213CB07}.Release|Any CPU.ActiveCfg = Release|Any CPU
		{64C1CD34-61B8-406C-A198-2AB37213CB07}.Release|Any CPU.Build.0 = Release|Any CPU
		{8BDA4CF0-D218-4C98-A954-335F72FA8527}.Debug|Any CPU.ActiveCfg = Debug|Any CPU
		{8BDA4CF0-D218-4C98-A954-335F72FA8527}.Debug|Any CPU.Build.0 = Debug|Any CPU
		{8BDA4CF0-D218-4C98-A954-335F72FA8527}.Release|Any CPU.ActiveCfg = Release|Any CPU
		{8BDA4CF0-D218-4C98-A954-335F72FA8527}.Release|Any CPU.Build.0 = Release|Any CPU
		{C846C17E-0B97-4D35-A762-228F9B4E5649}.Debug|Any CPU.ActiveCfg = Debug|Any CPU
		{C846C17E-0B97-4D35-A762-228F9B4E5649}.Debug|Any CPU.Build.0 = Debug|Any CPU
		{C846C17E-0B97-4D35-A762-228F9B4E5649}.Release|Any CPU.ActiveCfg = Release|Any CPU
		{C846C17E-0B97-4D35-A762-228F9B4E5649}.Release|Any CPU.Build.0 = Release|Any CPU
		{8679479E-8C84-4EBC-9C90-C32F62F140CB}.Debug|Any CPU.ActiveCfg = Debug|Any CPU
		{8679479E-8C84-4EBC-9C90-C32F62F140CB}.Debug|Any CPU.Build.0 = Debug|Any CPU
		{8679479E-8C84-4EBC-9C90-C32F62F140CB}.Release|Any CPU.ActiveCfg = Release|Any CPU
		{8679479E-8C84-4EBC-9C90-C32F62F140CB}.Release|Any CPU.Build.0 = Release|Any CPU
		{D1366389-49D4-46CE-94C4-B7E62557BD39}.Debug|Any CPU.ActiveCfg = Debug|Any CPU
		{D1366389-49D4-46CE-94C4-B7E62557BD39}.Debug|Any CPU.Build.0 = Debug|Any CPU
		{D1366389-49D4-46CE-94C4-B7E62557BD39}.Release|Any CPU.ActiveCfg = Release|Any CPU
		{D1366389-49D4-46CE-94C4-B7E62557BD39}.Release|Any CPU.Build.0 = Release|Any CPU
		{278AB44D-3C73-421E-81C9-2682355F93FC}.Debug|Any CPU.ActiveCfg = Debug|Any CPU
		{278AB44D-3C73-421E-81C9-2682355F93FC}.Debug|Any CPU.Build.0 = Debug|Any CPU
		{278AB44D-3C73-421E-81C9-2682355F93FC}.Release|Any CPU.ActiveCfg = Release|Any CPU
		{278AB44D-3C73-421E-81C9-2682355F93FC}.Release|Any CPU.Build.0 = Release|Any CPU
		{15608D7D-2A2E-4F3D-9B97-1C6C027D0A0D}.Debug|Any CPU.ActiveCfg = Debug|Any CPU
		{15608D7D-2A2E-4F3D-9B97-1C6C027D0A0D}.Debug|Any CPU.Build.0 = Debug|Any CPU
		{15608D7D-2A2E-4F3D-9B97-1C6C027D0A0D}.Release|Any CPU.ActiveCfg = Release|Any CPU
		{15608D7D-2A2E-4F3D-9B97-1C6C027D0A0D}.Release|Any CPU.Build.0 = Release|Any CPU
		{4AF8FCC6-E325-499B-A240-F9C61E48D473}.Debug|Any CPU.ActiveCfg = Debug|Any CPU
		{4AF8FCC6-E325-499B-A240-F9C61E48D473}.Debug|Any CPU.Build.0 = Debug|Any CPU
		{4AF8FCC6-E325-499B-A240-F9C61E48D473}.Release|Any CPU.ActiveCfg = Release|Any CPU
		{4AF8FCC6-E325-499B-A240-F9C61E48D473}.Release|Any CPU.Build.0 = Release|Any CPU
		{ECAEB299-8BD8-4733-968B-251448F3C39F}.Debug|Any CPU.ActiveCfg = Debug|Any CPU
		{ECAEB299-8BD8-4733-968B-251448F3C39F}.Debug|Any CPU.Build.0 = Debug|Any CPU
		{ECAEB299-8BD8-4733-968B-251448F3C39F}.Release|Any CPU.ActiveCfg = Release|Any CPU
		{ECAEB299-8BD8-4733-968B-251448F3C39F}.Release|Any CPU.Build.0 = Release|Any CPU
		{E0254F4F-2070-4BA5-AD47-324ACFF1A64C}.Debug|Any CPU.ActiveCfg = Debug|Any CPU
		{E0254F4F-2070-4BA5-AD47-324ACFF1A64C}.Debug|Any CPU.Build.0 = Debug|Any CPU
		{E0254F4F-2070-4BA5-AD47-324ACFF1A64C}.Release|Any CPU.ActiveCfg = Release|Any CPU
		{E0254F4F-2070-4BA5-AD47-324ACFF1A64C}.Release|Any CPU.Build.0 = Release|Any CPU
		{2C219B97-A791-4A35-B733-52E39DBFB47A}.Debug|Any CPU.ActiveCfg = Debug|Any CPU
		{2C219B97-A791-4A35-B733-52E39DBFB47A}.Debug|Any CPU.Build.0 = Debug|Any CPU
		{2C219B97-A791-4A35-B733-52E39DBFB47A}.Release|Any CPU.ActiveCfg = Release|Any CPU
		{2C219B97-A791-4A35-B733-52E39DBFB47A}.Release|Any CPU.Build.0 = Release|Any CPU
		{8C114190-55B7-40A9-9CC5-8CCFCB2C0539}.Debug|Any CPU.ActiveCfg = Debug|Any CPU
		{8C114190-55B7-40A9-9CC5-8CCFCB2C0539}.Debug|Any CPU.Build.0 = Debug|Any CPU
		{8C114190-55B7-40A9-9CC5-8CCFCB2C0539}.Release|Any CPU.ActiveCfg = Release|Any CPU
		{8C114190-55B7-40A9-9CC5-8CCFCB2C0539}.Release|Any CPU.Build.0 = Release|Any CPU
		{F20A1F53-5C3C-4BD5-9E0A-887A9F4680B7}.Debug|Any CPU.ActiveCfg = Debug|Any CPU
		{F20A1F53-5C3C-4BD5-9E0A-887A9F4680B7}.Debug|Any CPU.Build.0 = Debug|Any CPU
		{F20A1F53-5C3C-4BD5-9E0A-887A9F4680B7}.Release|Any CPU.ActiveCfg = Release|Any CPU
		{F20A1F53-5C3C-4BD5-9E0A-887A9F4680B7}.Release|Any CPU.Build.0 = Release|Any CPU
		{2E70AAB6-9D83-4FD9-A067-411DCABCA064}.Debug|Any CPU.ActiveCfg = Debug|Any CPU
		{2E70AAB6-9D83-4FD9-A067-411DCABCA064}.Debug|Any CPU.Build.0 = Debug|Any CPU
		{2E70AAB6-9D83-4FD9-A067-411DCABCA064}.Release|Any CPU.ActiveCfg = Release|Any CPU
		{2E70AAB6-9D83-4FD9-A067-411DCABCA064}.Release|Any CPU.Build.0 = Release|Any CPU
		{73FFEB65-4A25-4686-B77D-99F0D0C0ECB5}.Debug|Any CPU.ActiveCfg = Debug|Any CPU
		{73FFEB65-4A25-4686-B77D-99F0D0C0ECB5}.Debug|Any CPU.Build.0 = Debug|Any CPU
		{73FFEB65-4A25-4686-B77D-99F0D0C0ECB5}.Release|Any CPU.ActiveCfg = Release|Any CPU
		{73FFEB65-4A25-4686-B77D-99F0D0C0ECB5}.Release|Any CPU.Build.0 = Release|Any CPU
		{DA8D6011-F5CE-442E-8ED2-F7FFB2C383B9}.Debug|Any CPU.ActiveCfg = Debug|Any CPU
		{DA8D6011-F5CE-442E-8ED2-F7FFB2C383B9}.Debug|Any CPU.Build.0 = Debug|Any CPU
		{DA8D6011-F5CE-442E-8ED2-F7FFB2C383B9}.Release|Any CPU.ActiveCfg = Release|Any CPU
		{DA8D6011-F5CE-442E-8ED2-F7FFB2C383B9}.Release|Any CPU.Build.0 = Release|Any CPU
		{A3E1BB43-4943-4A97-8BDE-DC3C1F24AEDE}.Debug|Any CPU.ActiveCfg = Debug|Any CPU
		{A3E1BB43-4943-4A97-8BDE-DC3C1F24AEDE}.Debug|Any CPU.Build.0 = Debug|Any CPU
		{A3E1BB43-4943-4A97-8BDE-DC3C1F24AEDE}.Release|Any CPU.ActiveCfg = Release|Any CPU
		{A3E1BB43-4943-4A97-8BDE-DC3C1F24AEDE}.Release|Any CPU.Build.0 = Release|Any CPU
		{FC36543F-AB02-4A1F-AD7A-33244B1AE565}.Debug|Any CPU.ActiveCfg = Debug|Any CPU
		{FC36543F-AB02-4A1F-AD7A-33244B1AE565}.Debug|Any CPU.Build.0 = Debug|Any CPU
		{FC36543F-AB02-4A1F-AD7A-33244B1AE565}.Release|Any CPU.ActiveCfg = Release|Any CPU
		{FC36543F-AB02-4A1F-AD7A-33244B1AE565}.Release|Any CPU.Build.0 = Release|Any CPU
		{65218550-C28C-42D7-8EA6-6B97D1751BCD}.Debug|Any CPU.ActiveCfg = Debug|Any CPU
		{65218550-C28C-42D7-8EA6-6B97D1751BCD}.Debug|Any CPU.Build.0 = Debug|Any CPU
		{65218550-C28C-42D7-8EA6-6B97D1751BCD}.Release|Any CPU.ActiveCfg = Release|Any CPU
		{65218550-C28C-42D7-8EA6-6B97D1751BCD}.Release|Any CPU.Build.0 = Release|Any CPU
		{FB9F1CEA-8CF7-4E97-8FDD-9D0BEAA1D523}.Debug|Any CPU.ActiveCfg = Debug|Any CPU
		{FB9F1CEA-8CF7-4E97-8FDD-9D0BEAA1D523}.Debug|Any CPU.Build.0 = Debug|Any CPU
		{FB9F1CEA-8CF7-4E97-8FDD-9D0BEAA1D523}.Release|Any CPU.ActiveCfg = Release|Any CPU
		{FB9F1CEA-8CF7-4E97-8FDD-9D0BEAA1D523}.Release|Any CPU.Build.0 = Release|Any CPU
		{496CE412-5BBC-4504-ACB4-F60EEE604F73}.Debug|Any CPU.ActiveCfg = Debug|Any CPU
		{496CE412-5BBC-4504-ACB4-F60EEE604F73}.Debug|Any CPU.Build.0 = Debug|Any CPU
		{496CE412-5BBC-4504-ACB4-F60EEE604F73}.Release|Any CPU.ActiveCfg = Release|Any CPU
		{496CE412-5BBC-4504-ACB4-F60EEE604F73}.Release|Any CPU.Build.0 = Release|Any CPU
		{BA1F9106-2C6C-45F1-85D8-EF59E0CCB6D1}.Debug|Any CPU.ActiveCfg = Debug|Any CPU
		{BA1F9106-2C6C-45F1-85D8-EF59E0CCB6D1}.Debug|Any CPU.Build.0 = Debug|Any CPU
		{BA1F9106-2C6C-45F1-85D8-EF59E0CCB6D1}.Release|Any CPU.ActiveCfg = Release|Any CPU
		{BA1F9106-2C6C-45F1-85D8-EF59E0CCB6D1}.Release|Any CPU.Build.0 = Release|Any CPU
		{C871E013-9B73-4737-882E-F43CDE478866}.Debug|Any CPU.ActiveCfg = Debug|Any CPU
		{C871E013-9B73-4737-882E-F43CDE478866}.Debug|Any CPU.Build.0 = Debug|Any CPU
		{C871E013-9B73-4737-882E-F43CDE478866}.Release|Any CPU.ActiveCfg = Release|Any CPU
		{C871E013-9B73-4737-882E-F43CDE478866}.Release|Any CPU.Build.0 = Release|Any CPU
	EndGlobalSection
	GlobalSection(SolutionProperties) = preSolution
		HideSolutionNode = FALSE
	EndGlobalSection
	GlobalSection(NestedProjects) = preSolution
		{F40D67DE-64BC-403C-83CB-39EEA1D1EAE9} = {AAB03F68-1391-4829-BAF7-F5986FE773FF}
		{4F83CF2B-38C2-4AAC-9269-AA64BB52DC62} = {AAB03F68-1391-4829-BAF7-F5986FE773FF}
		{F9418BC6-4017-4D4B-A19E-8CBF00CAB5E9} = {AAB03F68-1391-4829-BAF7-F5986FE773FF}
		{5E7359F8-D376-460C-8591-B07523FE2671} = {AAB03F68-1391-4829-BAF7-F5986FE773FF}
		{D7AF29C9-CB96-46C8-92DA-05C98F747E02} = {AAB03F68-1391-4829-BAF7-F5986FE773FF}
		{C4AC1D1F-F1C0-421F-91C4-16554AF7533E} = {DC1D3AF7-3688-4ADE-AA0D-A4CA63EB583E}
		{DC1D3AF7-3688-4ADE-AA0D-A4CA63EB583E} = {45BA2799-4588-4F14-82A5-BE23FAB2F035}
		{BB57E397-771B-46B4-AA51-08241231C359} = {45BA2799-4588-4F14-82A5-BE23FAB2F035}
		{035F8506-A710-4FD2-854E-F6DEF9BEE028} = {BB57E397-771B-46B4-AA51-08241231C359}
		{4EC7D73F-5135-43B0-BC15-6EDB72909988} = {45BA2799-4588-4F14-82A5-BE23FAB2F035}
		{49A7227D-265C-4BF6-A44C-D7F3EB206D84} = {4EC7D73F-5135-43B0-BC15-6EDB72909988}
		{5428A057-2112-4EBA-9916-05C743B43FBB} = {45BA2799-4588-4F14-82A5-BE23FAB2F035}
		{857953BF-3E06-4D1F-86E9-995DE5C571A3} = {5428A057-2112-4EBA-9916-05C743B43FBB}
		{9D3539FF-2C2C-40C1-BAA7-2672F14BA856} = {5428A057-2112-4EBA-9916-05C743B43FBB}
		{D55B65BE-A33E-4CF1-81A4-52A1C9AB3EF6} = {5428A057-2112-4EBA-9916-05C743B43FBB}
		{75C19F55-6CCE-402F-9247-B0B6ACE31AED} = {45BA2799-4588-4F14-82A5-BE23FAB2F035}
		{E21608EE-278E-41CD-9C62-809C6FC74B10} = {75C19F55-6CCE-402F-9247-B0B6ACE31AED}
		{FA29ACE5-17B4-466E-9ABB-D23DA4DC3E20} = {75C19F55-6CCE-402F-9247-B0B6ACE31AED}
		{64C1CD34-61B8-406C-A198-2AB37213CB07} = {75C19F55-6CCE-402F-9247-B0B6ACE31AED}
		{8BDA4CF0-D218-4C98-A954-335F72FA8527} = {75C19F55-6CCE-402F-9247-B0B6ACE31AED}
		{C846C17E-0B97-4D35-A762-228F9B4E5649} = {75C19F55-6CCE-402F-9247-B0B6ACE31AED}
		{20A9D4FB-33AA-4166-BA51-66EA6451DEF9} = {45BA2799-4588-4F14-82A5-BE23FAB2F035}
		{8679479E-8C84-4EBC-9C90-C32F62F140CB} = {20A9D4FB-33AA-4166-BA51-66EA6451DEF9}
		{D1366389-49D4-46CE-94C4-B7E62557BD39} = {20A9D4FB-33AA-4166-BA51-66EA6451DEF9}
		{278AB44D-3C73-421E-81C9-2682355F93FC} = {20A9D4FB-33AA-4166-BA51-66EA6451DEF9}
		{15608D7D-2A2E-4F3D-9B97-1C6C027D0A0D} = {20A9D4FB-33AA-4166-BA51-66EA6451DEF9}
		{4AF8FCC6-E325-499B-A240-F9C61E48D473} = {20A9D4FB-33AA-4166-BA51-66EA6451DEF9}
		{B4C62935-AD88-4E1C-B725-F63DAD46364D} = {45BA2799-4588-4F14-82A5-BE23FAB2F035}
		{ECAEB299-8BD8-4733-968B-251448F3C39F} = {B4C62935-AD88-4E1C-B725-F63DAD46364D}
		{9C1756DF-DD3D-4D0C-879A-3DA0C2457023} = {45BA2799-4588-4F14-82A5-BE23FAB2F035}
		{E0254F4F-2070-4BA5-AD47-324ACFF1A64C} = {9C1756DF-DD3D-4D0C-879A-3DA0C2457023}
		{2C219B97-A791-4A35-B733-52E39DBFB47A} = {9C1756DF-DD3D-4D0C-879A-3DA0C2457023}
		{8C114190-55B7-40A9-9CC5-8CCFCB2C0539} = {9C1756DF-DD3D-4D0C-879A-3DA0C2457023}
		{F4B19625-1B53-49EB-97BA-D29558DBF138} = {45BA2799-4588-4F14-82A5-BE23FAB2F035}
		{F20A1F53-5C3C-4BD5-9E0A-887A9F4680B7} = {F4B19625-1B53-49EB-97BA-D29558DBF138}
		{2E70AAB6-9D83-4FD9-A067-411DCABCA064} = {F4B19625-1B53-49EB-97BA-D29558DBF138}
		{E8A6D9EC-DE70-477E-A689-6B9EF07EFBB2} = {45BA2799-4588-4F14-82A5-BE23FAB2F035}
		{73FFEB65-4A25-4686-B77D-99F0D0C0ECB5} = {E8A6D9EC-DE70-477E-A689-6B9EF07EFBB2}
		{DA8D6011-F5CE-442E-8ED2-F7FFB2C383B9} = {E8A6D9EC-DE70-477E-A689-6B9EF07EFBB2}
		{A3E1BB43-4943-4A97-8BDE-DC3C1F24AEDE} = {E8A6D9EC-DE70-477E-A689-6B9EF07EFBB2}
		{FC36543F-AB02-4A1F-AD7A-33244B1AE565} = {E8A6D9EC-DE70-477E-A689-6B9EF07EFBB2}
		{65218550-C28C-42D7-8EA6-6B97D1751BCD} = {E8A6D9EC-DE70-477E-A689-6B9EF07EFBB2}
		{367569E2-CDCA-4FE4-B614-9F42B55B5587} = {45BA2799-4588-4F14-82A5-BE23FAB2F035}
		{FB9F1CEA-8CF7-4E97-8FDD-9D0BEAA1D523} = {367569E2-CDCA-4FE4-B614-9F42B55B5587}
		{496CE412-5BBC-4504-ACB4-F60EEE604F73} = {367569E2-CDCA-4FE4-B614-9F42B55B5587}
		{EF690D38-A057-48A6-8EED-2E4BCE9670E7} = {45BA2799-4588-4F14-82A5-BE23FAB2F035}
		{BA1F9106-2C6C-45F1-85D8-EF59E0CCB6D1} = {EF690D38-A057-48A6-8EED-2E4BCE9670E7}
		{C871E013-9B73-4737-882E-F43CDE478866} = {EF690D38-A057-48A6-8EED-2E4BCE9670E7}
	EndGlobalSection
	GlobalSection(ExtensibilityGlobals) = postSolution
		SolutionGuid = {9591F3E4-957B-49C1-B6E0-4C44E94AE163}
	EndGlobalSection
EndGlobal
